Microsoft Visual Studio Solution File, Format Version 12.00
# Visual Studio Version 17
VisualStudioVersion = 17.5.2.0
MinimumVisualStudioVersion = 10.0.40219.1
Project("{FAE04EC0-301F-11D3-BF4B-00C04F79EFBC}") = "CoolifyTestApi", "api\CoolifyTestApi.csproj", "{49C26E2A-FBB4-E9EC-829E-DC4741160B02}"
EndProject
Global
	GlobalSection(SolutionConfigurationPlatforms) = preSolution
		Debug|Any CPU = Debug|Any CPU
		Release|Any CPU = Release|Any CPU
	EndGlobalSection
	GlobalSection(ProjectConfigurationPlatforms) = postSolution
		{49C26E2A-FBB4-E9EC-829E-DC4741160B02}.Debug|Any CPU.ActiveCfg = Debug|Any CPU
		{49C26E2A-FBB4-E9EC-829E-DC4741160B02}.Debug|Any CPU.Build.0 = Debug|Any CPU
		{49C26E2A-FBB4-E9EC-829E-DC4741160B02}.Release|Any CPU.ActiveCfg = Release|Any CPU
		{49C26E2A-FBB4-E9EC-829E-DC4741160B02}.Release|Any CPU.Build.0 = Release|Any CPU
	EndGlobalSection
	GlobalSection(SolutionProperties) = preSolution
		HideSolutionNode = FALSE
	EndGlobalSection
	GlobalSection(ExtensibilityGlobals) = postSolution
		SolutionGuid = {CBDF597C-CC5B-4747-8DC8-31B31AF8CE95}
	EndGlobalSection
EndGlobal
